github.com/naust-mail/naust-jmap/core v0.1.0 h1:XIZTaZSDeDrUc947st+a9GScIebD+yXjUgDEvKfHVd0=
github.com/naust-mail/naust-jmap/core v0.1.0/go.mod h1:TjPDhlaN8mGxYdE3iWAcTsn5Wl1b7rxZ6C8xe3YuzSM=
golang.org/x/text v0.34.0 h1:oL/Qq0Kdaqxa1KbNeMKwQq0reLCCaFtqu2eNuSeNHbk=
golang.org/x/text v0.34.0/go.mod h1:homfLqTYRFyVYemLBFl5GgL/DWEiH5wcsQ5gSh1yziA=
